
Microsoft Visual Studio Solution File, Format Version 12.00
# Visual Studio 15
VisualStudioVersion = 15.0.28307.1259
MinimumVisualStudioVersion = 10.0.40219.1
Project("{8BC9CEB8-8B4A-11D0-8D11-00A0C91BC942}") = "SDLProject", "SDLProject.vcxproj", "{4723BDC6-FBD3-42D2-9645-D7ED0779E181}"
EndProject
Global
	GlobalSection(SolutionConfigurationPlatforms) = preSolution
		Debug|x64 = Debug|x64
		Debug|x86 = Debug|x86
		Release|x64 = Release|x64
		Release|x86 = Release|x86
	EndGlobalSection
	GlobalSection(ProjectConfigurationPlatforms) = postSolution
		{4723BDC6-FBD3-42D2-9645-D7ED0779E181}.Debug|x64.ActiveCfg = Debug|x64
		{4723BDC6-FBD3-42D2-9645-D7ED0779E181}.Debug|x64.Build.0 = Debug|x64
		{4723BDC6-FBD3-42D2-9645-D7ED0779E181}.Debug|x86.ActiveCfg = Debug|Win32
		{4723BDC6-FBD3-42D2-9645-D7ED0779E181}.Debug|x86.Build.0 = Debug|Win32
		{4723BDC6-FBD3-42D2-9645-D7ED0779E181}.Release|x64.ActiveCfg = Release|x64
		{4723BDC6-FBD3-42D2-9645-D7ED0779E181}.Release|x64.Build.0 = Release|x64
		{4723BDC6-FBD3-42D2-9645-D7ED0779E181}.Release|x86.ActiveCfg = Release|Win32
		{4723BDC6-FBD3-42D2-9645-D7ED0779E181}.Release|x86.Build.0 = Release|Win32
	EndGlobalSection
	GlobalSection(SolutionProperties) = preSolution
		HideSolutionNode = FALSE
	EndGlobalSection
	GlobalSection(ExtensibilityGlobals) = postSolution
		SolutionGuid = {BE5FE356-21CE-4650-8575-198E0EE54B72}
	EndGlobalSection
EndGlobal
